
Microsoft Visual Studio Solution File, Format Version 12.00
# Visual Studio Version 17
VisualStudioVersion = 17.14.36414.22 d17.14
MinimumVisualStudioVersion = 10.0.40219.1
Project("{FAE04EC0-301F-11D3-BF4B-00C04F79EFBC}") = "Quản lý sinh viên", "Quản lý sinh viên\Quản lý sinh viên.csproj", "{A81A219F-9FD9-4606-9648-FD27AC3C328B}"
EndProject
Global
	GlobalSection(SolutionConfigurationPlatforms) = preSolution
		Debug|Any CPU = Debug|Any CPU
		Release|Any CPU = Release|Any CPU
	EndGlobalSection
	GlobalSection(ProjectConfigurationPlatforms) = postSolution
		{A81A219F-9FD9-4606-9648-FD27AC3C328B}.Debug|Any CPU.ActiveCfg = Debug|Any CPU
		{A81A219F-9FD9-4606-9648-FD27AC3C328B}.Debug|Any CPU.Build.0 = Debug|Any CPU
		{A81A219F-9FD9-4606-9648-FD27AC3C328B}.Release|Any CPU.ActiveCfg = Release|Any CPU
		{A81A219F-9FD9-4606-9648-FD27AC3C328B}.Release|Any CPU.Build.0 = Release|Any CPU
	EndGlobalSection
	GlobalSection(SolutionProperties) = preSolution
		HideSolutionNode = FALSE
	EndGlobalSection
	GlobalSection(ExtensibilityGlobals) = postSolution
		SolutionGuid = {68A92921-A49E-4EAF-B87C-8D78043486CF}
	EndGlobalSection
EndGlobal
