
Microsoft Visual Studio Solution File, Format Version 12.00
# Visual Studio Version 17
VisualStudioVersion = 17.14.36414.22 d17.14
MinimumVisualStudioVersion = 10.0.40219.1
Project("{FAE04EC0-301F-11D3-BF4B-00C04F79EFBC}") = "timkiemsapxep", "timkiemsapxep\timkiemsapxep.csproj", "{CA4A7262-4CC8-4C72-8924-ABFB88AA9FF1}"
EndProject
Global
	GlobalSection(SolutionConfigurationPlatforms) = preSolution
		Debug|Any CPU = Debug|Any CPU
		Release|Any CPU = Release|Any CPU
	EndGlobalSection
	GlobalSection(ProjectConfigurationPlatforms) = postSolution
		{CA4A7262-4CC8-4C72-8924-ABFB88AA9FF1}.Debug|Any CPU.ActiveCfg = Debug|Any CPU
		{CA4A7262-4CC8-4C72-8924-ABFB88AA9FF1}.Debug|Any CPU.Build.0 = Debug|Any CPU
		{CA4A7262-4CC8-4C72-8924-ABFB88AA9FF1}.Release|Any CPU.ActiveCfg = Release|Any CPU
		{CA4A7262-4CC8-4C72-8924-ABFB88AA9FF1}.Release|Any CPU.Build.0 = Release|Any CPU
	EndGlobalSection
	GlobalSection(SolutionProperties) = preSolution
		HideSolutionNode = FALSE
	EndGlobalSection
	GlobalSection(ExtensibilityGlobals) = postSolution
		SolutionGuid = {2D2590D3-13BF-432A-9A16-2CC2106F1BA8}
	EndGlobalSection
EndGlobal
